
Microsoft Visual Studio Solution File, Format Version 12.00
# Visual Studio Version 16
VisualStudioVersion = 16.0.30523.141
MinimumVisualStudioVersion = 10.0.40219.1
Project("{FAE04EC0-301F-11D3-BF4B-00C04F79EFBC}") = "ClientSide", "ClientSide.csproj", "{B0710630-59A1-4E57-8460-1D4A5E9EFBCF}"
EndProject
Global
	GlobalSection(SolutionConfigurationPlatforms) = preSolution
		Debug|Any CPU = Debug|Any CPU
		Release|Any CPU = Release|Any CPU
	EndGlobalSection
	GlobalSection(ProjectConfigurationPlatforms) = postSolution
		{B0710630-59A1-4E57-8460-1D4A5E9EFBCF}.Debug|Any CPU.ActiveCfg = Debug|Any CPU
		{B0710630-59A1-4E57-8460-1D4A5E9EFBCF}.Debug|Any CPU.Build.0 = Debug|Any CPU
		{B0710630-59A1-4E57-8460-1D4A5E9EFBCF}.Release|Any CPU.ActiveCfg = Release|Any CPU
		{B0710630-59A1-4E57-8460-1D4A5E9EFBCF}.Release|Any CPU.Build.0 = Release|Any CPU
	EndGlobalSection
	GlobalSection(SolutionProperties) = preSolution
		HideSolutionNode = FALSE
	EndGlobalSection
	GlobalSection(ExtensibilityGlobals) = postSolution
		SolutionGuid = {8C055620-8D22-4CD4-A5A3-2F5D7A4AD662}
	EndGlobalSection
EndGlobal
